// !$*UTF8*$!
{
	archiveVersion = 1;
	classes = {
	};
	objectVersion = 56;
	objects = {

/* Begin PBXBuildFile section */
		C9596FF02C2F3D3900851CB2 /* MealList.swift in Sources */ = {isa = PBXBuildFile; fileRef = C9596FEF2C2F3D3900851CB2 /* MealList.swift */; };
		C9596FF42C2F3DB800851CB2 /* MealAPI.swift in Sources */ = {isa = PBXBuildFile; fileRef = C9596FF32C2F3DB800851CB2 /* MealAPI.swift */; };
		C9596FF62C2F3E0200851CB2 /* GetAllMeals.swift in Sources */ = {isa = PBXBuildFile; fileRef = C9596FF52C2F3E0200851CB2 /* GetAllMeals.swift */; };
		C9596FF82C2F3EDB00851CB2 /* GetMealDetails.swift in Sources */ = {isa = PBXBuildFile; fileRef = C9596FF72C2F3EDB00851CB2 /* GetMealDetails.swift */; };
		C9596FFA2C2F402B00851CB2 /* ApiError.swift in Sources */ = {isa = PBXBuildFile; fileRef = C9596FF92C2F402B00851CB2 /* ApiError.swift */; };
		C9596FFC2C2F432A00851CB2 /* MealListViewModel.swift in Sources */ = {isa = PBXBuildFile; fileRef = C9596FFB2C2F432900851CB2 /* MealListViewModel.swift */; };
		C9596FFE2C2F452A00851CB2 /* MealLabelRow.swift in Sources */ = {isa = PBXBuildFile; fileRef = C9596FFD2C2F452A00851CB2 /* MealLabelRow.swift */; };
		C95970002C2F46F800851CB2 /* MealDetail.swift in Sources */ = {isa = PBXBuildFile; fileRef = C9596FFF2C2F46F800851CB2 /* MealDetail.swift */; };
		C95970022C2F476A00851CB2 /* MealDetailViewModel.swift in Sources */ = {isa = PBXBuildFile; fileRef = C95970012C2F476A00851CB2 /* MealDetailViewModel.swift */; };
		C95970052C2F4A8000851CB2 /* HeaderImage.swift in Sources */ = {isa = PBXBuildFile; fileRef = C95970042C2F4A8000851CB2 /* HeaderImage.swift */; };
		C95970072C2F4D9200851CB2 /* MealCard.swift in Sources */ = {isa = PBXBuildFile; fileRef = C95970062C2F4D9200851CB2 /* MealCard.swift */; };
		C9E511392C2C87B700DC2D2D /* RecipesApp.swift in Sources */ = {isa = PBXBuildFile; fileRef = C9E511382C2C87B700DC2D2D /* RecipesApp.swift */; };
		C9E5113D2C2C87B800DC2D2D /* Assets.xcassets in Resources */ = {isa = PBXBuildFile; fileRef = C9E5113C2C2C87B800DC2D2D /* Assets.xcassets */; };
		C9E511402C2C87B800DC2D2D /* Preview Assets.xcassets in Resources */ = {isa = PBXBuildFile; fileRef = C9E5113F2C2C87B800DC2D2D /* Preview Assets.xcassets */; };
		C9E5114A2C2C87B800DC2D2D /* RecipesTests.swift in Sources */ = {isa = PBXBuildFile; fileRef = C9E511492C2C87B800DC2D2D /* RecipesTests.swift */; };
		C9E511542C2C87B800DC2D2D /* RecipesUITests.swift in Sources */ = {isa = PBXBuildFile; fileRef = C9E511532C2C87B800DC2D2D /* RecipesUITests.swift */; };
		C9E511562C2C87B800DC2D2D /* RecipesUITestsLaunchTests.swift in Sources */ = {isa = PBXBuildFile; fileRef = C9E511552C2C87B800DC2D2D /* RecipesUITestsLaunchTests.swift */; };
/* End PBXBuildFile section */

/* Begin PBXContainerItemProxy section */
		C9E511462C2C87B800DC2D2D /* PBXContainerItemProxy */ = {
			isa = PBXContainerItemProxy;
			containerPortal = C9E5112D2C2C87B700DC2D2D /* Project object */;
			proxyType = 1;
			remoteGlobalIDString = C9E511342C2C87B700DC2D2D;
			remoteInfo = Recipes;
		};
		C9E511502C2C87B800DC2D2D /* PBXContainerItemProxy */ = {
			isa = PBXContainerItemProxy;
			containerPortal = C9E5112D2C2C87B700DC2D2D /* Project object */;
			proxyType = 1;
			remoteGlobalIDString = C9E511342C2C87B700DC2D2D;
			remoteInfo = Recipes;
		};
/* End PBXContainerItemProxy section */

/* Begin PBXFileReference section */
		C9596FEF2C2F3D3900851CB2 /* MealList.swift */ = {isa = PBXFileReference; lastKnownFileType = sourcecode.swift; path = MealList.swift; sourceTree = "<group>"; };
		C9596FF32C2F3DB800851CB2 /* MealAPI.swift */ = {isa = PBXFileReference; lastKnownFileType = sourcecode.swift; path = MealAPI.swift; sourceTree = "<group>"; };
		C9596FF52C2F3E0200851CB2 /* GetAllMeals.swift */ = {isa = PBXFileReference; lastKnownFileType = sourcecode.swift; path = GetAllMeals.swift; sourceTree = "<group>"; };
		C9596FF72C2F3EDB00851CB2 /* GetMealDetails.swift */ = {isa = PBXFileReference; lastKnownFileType = sourcecode.swift; path = GetMealDetails.swift; sourceTree = "<group>"; };
		C9596FF92C2F402B00851CB2 /* ApiError.swift */ = {isa = PBXFileReference; lastKnownFileType = sourcecode.swift; path = ApiError.swift; sourceTree = "<group>"; };
		C9596FFB2C2F432900851CB2 /* MealListViewModel.swift */ = {isa = PBXFileReference; lastKnownFileType = sourcecode.swift; path = MealListViewModel.swift; sourceTree = "<group>"; };
		C9596FFD2C2F452A00851CB2 /* MealLabelRow.swift */ = {isa = PBXFileReference; lastKnownFileType = sourcecode.swift; path = MealLabelRow.swift; sourceTree = "<group>"; };
		C9596FFF2C2F46F800851CB2 /* MealDetail.swift */ = {isa = PBXFileReference; lastKnownFileType = sourcecode.swift; path = MealDetail.swift; sourceTree = "<group>"; };
		C95970012C2F476A00851CB2 /* MealDetailViewModel.swift */ = {isa = PBXFileReference; lastKnownFileType = sourcecode.swift; path = MealDetailViewModel.swift; sourceTree = "<group>"; };
		C95970042C2F4A8000851CB2 /* HeaderImage.swift */ = {isa = PBXFileReference; lastKnownFileType = sourcecode.swift; path = HeaderImage.swift; sourceTree = "<group>"; };
		C95970062C2F4D9200851CB2 /* MealCard.swift */ = {isa = PBXFileReference; lastKnownFileType = sourcecode.swift; path = MealCard.swift; sourceTree = "<group>"; };
		C9E511352C2C87B700DC2D2D /* Recipes.app */ = {isa = PBXFileReference; explicitFileType = wrapper.application; includeInIndex = 0; path = Recipes.app; sourceTree = BUILT_PRODUCTS_DIR; };
		C9E511382C2C87B700DC2D2D /* RecipesApp.swift */ = {isa = PBXFileReference; lastKnownFileType = sourcecode.swift; path = RecipesApp.swift; sourceTree = "<group>"; };
		C9E5113C2C2C87B800DC2D2D /* Assets.xcassets */ = {isa = PBXFileReference; lastKnownFileType = folder.assetcatalog; path = Assets.xcassets; sourceTree = "<group>"; };
		C9E5113F2C2C87B800DC2D2D /* Preview Assets.xcassets */ = {isa = PBXFileReference; lastKnownFileType = folder.assetcatalog; path = "Preview Assets.xcassets"; sourceTree = "<group>"; };
		C9E511452C2C87B800DC2D2D /* RecipesTests.xctest */ = {isa = PBXFileReference; explicitFileType = wrapper.cfbundle; includeInIndex = 0; path = RecipesTests.xctest; sourceTree = BUILT_PRODUCTS_DIR; };
		C9E511492C2C87B800DC2D2D /* RecipesTests.swift */ = {isa = PBXFileReference; lastKnownFileType = sourcecode.swift; path = RecipesTests.swift; sourceTree = "<group>"; };
		C9E5114F2C2C87B800DC2D2D /* RecipesUITests.xctest */ = {isa = PBXFileReference; explicitFileType = wrapper.cfbundle; includeInIndex = 0; path = RecipesUITests.xctest; sourceTree = BUILT_PRODUCTS_DIR; };
		C9E511532C2C87B800DC2D2D /* RecipesUITests.swift */ = {isa = PBXFileReference; lastKnownFileType = sourcecode.swift; path = RecipesUITests.swift; sourceTree = "<group>"; };
		C9E511552C2C87B800DC2D2D /* RecipesUITestsLaunchTests.swift */ = {isa = PBXFileReference; lastKnownFileType = sourcecode.swift; path = RecipesUITestsLaunchTests.swift; sourceTree = "<group>"; };
/* End PBXFileReference section */

/* Begin PBXFrameworksBuildPhase section */
		C9E511322C2C87B700DC2D2D /* Frameworks */ = {
			isa = PBXFrameworksBuildPhase;
			buildActionMask = 2147483647;
			files = (
			);
			runOnlyForDeploymentPostprocessing = 0;
		};
		C9E511422C2C87B800DC2D2D /* Frameworks */ = {
			isa = PBXFrameworksBuildPhase;
			buildActionMask = 2147483647;
			files = (
			);
			runOnlyForDeploymentPostprocessing = 0;
		};
		C9E5114C2C2C87B800DC2D2D /* Frameworks */ = {
			isa = PBXFrameworksBuildPhase;
			buildActionMask = 2147483647;
			files = (
			);
			runOnlyForDeploymentPostprocessing = 0;
		};
/* End PBXFrameworksBuildPhase section */

/* Begin PBXGroup section */
		C9596FEE2C2F3D0900851CB2 /* Views */ = {
			isa = PBXGroup;
			children = (
				C95970032C2F4A5800851CB2 /* MealDetails */,
				C9596FEF2C2F3D3900851CB2 /* MealList.swift */,
				C9596FFB2C2F432900851CB2 /* MealListViewModel.swift */,
				C9596FFD2C2F452A00851CB2 /* MealLabelRow.swift */,
				C95970012C2F476A00851CB2 /* MealDetailViewModel.swift */,
			);
			path = Views;
			sourceTree = "<group>";
		};
		C9596FF12C2F3D8800851CB2 /* Model */ = {
			isa = PBXGroup;
			children = (
				C9596FF52C2F3E0200851CB2 /* GetAllMeals.swift */,
				C9596FF72C2F3EDB00851CB2 /* GetMealDetails.swift */,
				C9596FF92C2F402B00851CB2 /* ApiError.swift */,
			);
			path = Model;
			sourceTree = "<group>";
		};
		C9596FF22C2F3D9600851CB2 /* Utils */ = {
			isa = PBXGroup;
			children = (
				C9596FF32C2F3DB800851CB2 /* MealAPI.swift */,
			);
			path = Utils;
			sourceTree = "<group>";
		};
		C95970032C2F4A5800851CB2 /* MealDetails */ = {
			isa = PBXGroup;
			children = (
				C9596FFF2C2F46F800851CB2 /* MealDetail.swift */,
				C95970042C2F4A8000851CB2 /* HeaderImage.swift */,
				C95970062C2F4D9200851CB2 /* MealCard.swift */,
			);
			path = MealDetails;
			sourceTree = "<group>";
		};
		C9E5112C2C2C87B700DC2D2D = {
			isa = PBXGroup;
			children = (
				C9E511372C2C87B700DC2D2D /* Recipes */,
				C9E511482C2C87B800DC2D2D /* RecipesTests */,
				C9E511522C2C87B800DC2D2D /* RecipesUITests */,
				C9E511362C2C87B700DC2D2D /* Products */,
			);
			sourceTree = "<group>";
		};
		C9E511362C2C87B700DC2D2D /* Products */ = {
			isa = PBXGroup;
			children = (
				C9E511352C2C87B700DC2D2D /* Recipes.app */,
				C9E511452C2C87B800DC2D2D /* RecipesTests.xctest */,
				C9E5114F2C2C87B800DC2D2D /* RecipesUITests.xctest */,
			);
			name = Products;
			sourceTree = "<group>";
		};
		C9E511372C2C87B700DC2D2D /* Recipes */ = {
			isa = PBXGroup;
			children = (
				C9596FF22C2F3D9600851CB2 /* Utils */,
				C9596FF12C2F3D8800851CB2 /* Model */,
				C9596FEE2C2F3D0900851CB2 /* Views */,
				C9E511382C2C87B700DC2D2D /* RecipesApp.swift */,
				C9E5113C2C2C87B800DC2D2D /* Assets.xcassets */,
				C9E5113E2C2C87B800DC2D2D /* Preview Content */,
			);
			path = Recipes;
			sourceTree = "<group>";
		};
		C9E5113E2C2C87B800DC2D2D /* Preview Content */ = {
			isa = PBXGroup;
			children = (
				C9E5113F2C2C87B800DC2D2D /* Preview Assets.xcassets */,
			);
			path = "Preview Content";
			sourceTree = "<group>";
		};
		C9E511482C2C87B800DC2D2D /* RecipesTests */ = {
			isa = PBXGroup;
			children = (
				C9E511492C2C87B800DC2D2D /* RecipesTests.swift */,
			);
			path = RecipesTests;
			sourceTree = "<group>";
		};
		C9E511522C2C87B800DC2D2D /* RecipesUITests */ = {
			isa = PBXGroup;
			children = (
				C9E511532C2C87B800DC2D2D /* RecipesUITests.swift */,
				C9E511552C2C87B800DC2D2D /* RecipesUITestsLaunchTests.swift */,
			);
			path = RecipesUITests;
			sourceTree = "<group>";
		};
/* End PBXGroup section */

/* Begin PBXNativeTarget section */
		C9E511342C2C87B700DC2D2D /* Recipes */ = {
			isa = PBXNativeTarget;
			buildConfigurationList = C9E511592C2C87B800DC2D2D /* Build configuration list for PBXNativeTarget "Recipes" */;
			buildPhases = (
				C9E511312C2C87B700DC2D2D /* Sources */,
				C9E511322C2C87B700DC2D2D /* Frameworks */,
				C9E511332C2C87B700DC2D2D /* Resources */,
			);
			buildRules = (
			);
			dependencies = (
			);
			name = Recipes;
			productName = Recipes;
			productReference = C9E511352C2C87B700DC2D2D /* Recipes.app */;
			productType = "com.apple.product-type.application";
		};
		C9E511442C2C87B800DC2D2D /* RecipesTests */ = {
			isa = PBXNativeTarget;
			buildConfigurationList = C9E5115C2C2C87B800DC2D2D /* Build configuration list for PBXNativeTarget "RecipesTests" */;
			buildPhases = (
				C9E511412C2C87B800DC2D2D /* Sources */,
				C9E511422C2C87B800DC2D2D /* Frameworks */,
				C9E511432C2C87B800DC2D2D /* Resources */,
			);
			buildRules = (
			);
			dependencies = (
				C9E511472C2C87B800DC2D2D /* PBXTargetDependency */,
			);
			name = RecipesTests;
			productName = RecipesTests;
			productReference = C9E511452C2C87B800DC2D2D /* RecipesTests.xctest */;
			productType = "com.apple.product-type.bundle.unit-test";
		};
		C9E5114E2C2C87B800DC2D2D /* RecipesUITests */ = {
			isa = PBXNativeTarget;
			buildConfigurationList = C9E5115F2C2C87B800DC2D2D /* Build configuration list for PBXNativeTarget "RecipesUITests" */;
			buildPhases = (
				C9E5114B2C2C87B800DC2D2D /* Sources */,
				C9E5114C2C2C87B800DC2D2D /* Frameworks */,
				C9E5114D2C2C87B800DC2D2D /* Resources */,
			);
			buildRules = (
			);
			dependencies = (
				C9E511512C2C87B800DC2D2D /* PBXTargetDependency */,
			);
			name = RecipesUITests;
			productName = RecipesUITests;
			productReference = C9E5114F2C2C87B800DC2D2D /* RecipesUITests.xctest */;
			productType = "com.apple.product-type.bundle.ui-testing";
		};
/* End PBXNativeTarget section */

/* Begin PBXProject section */
		C9E5112D2C2C87B700DC2D2D /* Project object */ = {
			isa = PBXProject;
			attributes = {
				BuildIndependentTargetsInParallel = 1;
				LastSwiftUpdateCheck = 1510;
				LastUpgradeCheck = 1510;
				TargetAttributes = {
					C9E511342C2C87B700DC2D2D = {
						CreatedOnToolsVersion = 15.1;
					};
					C9E511442C2C87B800DC2D2D = {
						CreatedOnToolsVersion = 15.1;
						TestTargetID = C9E511342C2C87B700DC2D2D;
					};
					C9E5114E2C2C87B800DC2D2D = {
						CreatedOnToolsVersion = 15.1;
						TestTargetID = C9E511342C2C87B700DC2D2D;
					};
				};
			};
			buildConfigurationList = C9E511302C2C87B700DC2D2D /* Build configuration list for PBXProject "Recipes" */;
			compatibilityVersion = "Xcode 14.0";
			developmentRegion = en;
			hasScannedForEncodings = 0;
			knownRegions = (
				en,
				Base,
			);
			mainGroup = C9E5112C2C2C87B700DC2D2D;
			productRefGroup = C9E511362C2C87B700DC2D2D /* Products */;
			projectDirPath = "";
			projectRoot = "";
			targets = (
				C9E511342C2C87B700DC2D2D /* Recipes */,
				C9E511442C2C87B800DC2D2D /* RecipesTests */,
				C9E5114E2C2C87B800DC2D2D /* RecipesUITests */,
			);
		};
/* End PBXProject section */

/* Begin PBXResourcesBuildPhase section */
		C9E511332C2C87B700DC2D2D /* Resources */ = {
			isa = PBXResourcesBuildPhase;
			buildActionMask = 2147483647;
			files = (
				C9E511402C2C87B800DC2D2D /* Preview Assets.xcassets in Resources */,
				C9E5113D2C2C87B800DC2D2D /* Assets.xcassets in Resources */,
			);
			runOnlyForDeploymentPostprocessing = 0;
		};
		C9E511432C2C87B800DC2D2D /* Resources */ = {
			isa = PBXResourcesBuildPhase;
			buildActionMask = 2147483647;
			files = (
			);
			runOnlyForDeploymentPostprocessing = 0;
		};
		C9E5114D2C2C87B800DC2D2D /* Resources */ = {
			isa = PBXResourcesBuildPhase;
			buildActionMask = 2147483647;
			files = (
			);
			runOnlyForDeploymentPostprocessing = 0;
		};
/* End PBXResourcesBuildPhase section */

/* Begin PBXSourcesBuildPhase section */
		C9E511312C2C87B700DC2D2D /* Sources */ = {
			isa = PBXSourcesBuildPhase;
			buildActionMask = 2147483647;
			files = (
				C9E511392C2C87B700DC2D2D /* RecipesApp.swift in Sources */,
				C9596FFC2C2F432A00851CB2 /* MealListViewModel.swift in Sources */,
				C95970072C2F4D9200851CB2 /* MealCard.swift in Sources */,
				C95970052C2F4A8000851CB2 /* HeaderImage.swift in Sources */,
				C9596FF42C2F3DB800851CB2 /* MealAPI.swift in Sources */,
				C95970002C2F46F800851CB2 /* MealDetail.swift in Sources */,
				C9596FF82C2F3EDB00851CB2 /* GetMealDetails.swift in Sources */,
				C9596FFE2C2F452A00851CB2 /* MealLabelRow.swift in Sources */,
				C9596FF02C2F3D3900851CB2 /* MealList.swift in Sources */,
				C9596FF62C2F3E0200851CB2 /* GetAllMeals.swift in Sources */,
				C95970022C2F476A00851CB2 /* MealDetailViewModel.swift in Sources */,
				C9596FFA2C2F402B00851CB2 /* ApiError.swift in Sources */,
			);
			runOnlyForDeploymentPostprocessing = 0;
		};
		C9E511412C2C87B800DC2D2D /* Sources */ = {
			isa = PBXSourcesBuildPhase;
			buildActionMask = 2147483647;
			files = (
				C9E5114A2C2C87B800DC2D2D /* RecipesTests.swift in Sources */,
			);
			runOnlyForDeploymentPostprocessing = 0;
		};
		C9E5114B2C2C87B800DC2D2D /* Sources */ = {
			isa = PBXSourcesBuildPhase;
			buildActionMask = 2147483647;
			files = (
				C9E511562C2C87B800DC2D2D /* RecipesUITestsLaunchTests.swift in Sources */,
				C9E511542C2C87B800DC2D2D /* RecipesUITests.swift in Sources */,
			);
			runOnlyForDeploymentPostprocessing = 0;
		};
/* End PBXSourcesBuildPhase section */

/* Begin PBXTargetDependency section */
		C9E511472C2C87B800DC2D2D /* PBXTargetDependency */ = {
			isa = PBXTargetDependency;
			target = C9E511342C2C87B700DC2D2D /* Recipes */;
			targetProxy = C9E511462C2C87B800DC2D2D /* PBXContainerItemProxy */;
		};
		C9E511512C2C87B800DC2D2D /* PBXTargetDependency */ = {
			isa = PBXTargetDependency;
			target = C9E511342C2C87B700DC2D2D /* Recipes */;
			targetProxy = C9E511502C2C87B800DC2D2D /* PBXContainerItemProxy */;
		};
/* End PBXTargetDependency section */

/* Begin XCBuildConfiguration section */
		C9E511572C2C87B800DC2D2D /* Debug */ = {
			isa = XCBuildConfiguration;
			buildSettings = {
				ALWAYS_SEARCH_USER_PATHS = NO;
				ASSETCATALOG_COMPILER_GENERATE_SWIFT_ASSET_SYMBOL_EXTENSIONS = YES;
				CLANG_ANALYZER_NONNULL = YES;
				CLANG_ANALYZER_NUMBER_OBJECT_CONVERSION = YES_AGGRESSIVE;
				CLANG_CXX_LANGUAGE_STANDARD = "gnu++20";
				CLANG_ENABLE_MODULES = YES;
				CLANG_ENABLE_OBJC_ARC = YES;
				CLANG_ENABLE_OBJC_WEAK = YES;
				CLANG_WARN_BLOCK_CAPTURE_AUTORELEASING = YES;
				CLANG_WARN_BOOL_CONVERSION = YES;
				CLANG_WARN_COMMA = YES;
				CLANG_WARN_CONSTANT_CONVERSION = YES;
				CLANG_WARN_DEPRECATED_OBJC_IMPLEMENTATIONS = YES;
				CLANG_WARN_DIRECT_OBJC_ISA_USAGE = YES_ERROR;
				CLANG_WARN_DOCUMENTATION_COMMENTS = YES;
				CLANG_WARN_EMPTY_BODY = YES;
				CLANG_WARN_ENUM_CONVERSION = YES;
				CLANG_WARN_INFINITE_RECURSION = YES;
				CLANG_WARN_INT_CONVERSION = YES;
				CLANG_WARN_NON_LITERAL_NULL_CONVERSION = YES;
				CLANG_WARN_OBJC_IMPLICIT_RETAIN_SELF = YES;
				CLANG_WARN_OBJC_LITERAL_CONVERSION = YES;
				CLANG_WARN_OBJC_ROOT_CLASS = YES_ERROR;
				CLANG_WARN_QUOTED_INCLUDE_IN_FRAMEWORK_HEADER = YES;
				CLANG_WARN_RANGE_LOOP_ANALYSIS = YES;
				CLANG_WARN_STRICT_PROTOTYPES = YES;
				CLANG_WARN_SUSPICIOUS_MOVE = YES;
				CLANG_WARN_UNGUARDED_AVAILABILITY = YES_AGGRESSIVE;
				CLANG_WARN_UNREACHABLE_CODE = YES;
				CLANG_WARN__DUPLICATE_METHOD_MATCH = YES;
				COPY_PHASE_STRIP = NO;
				DEBUG_INFORMATION_FORMAT = dwarf;
				ENABLE_STRICT_OBJC_MSGSEND = YES;
				ENABLE_TESTABILITY = YES;
				ENABLE_USER_SCRIPT_SANDBOXING = YES;
				GCC_C_LANGUAGE_STANDARD = gnu17;
				GCC_DYNAMIC_NO_PIC = NO;
				GCC_NO_COMMON_BLOCKS = YES;
				GCC_OPTIMIZATION_LEVEL = 0;
				GCC_PREPROCESSOR_DEFINITIONS = (
					"DEBUG=1",
					"$(inherited)",
				);
				GCC_WARN_64_TO_32_BIT_CONVERSION = YES;
				GCC_WARN_ABOUT_RETURN_TYPE = YES_ERROR;
				GCC_WARN_UNDECLARED_SELECTOR = YES;
				GCC_WARN_UNINITIALIZED_AUTOS = YES_AGGRESSIVE;
				GCC_WARN_UNUSED_FUNCTION = YES;
				GCC_WARN_UNUSED_VARIABLE = YES;
				IPHONEOS_DEPLOYMENT_TARGET = 17.2;
				LOCALIZATION_PREFERS_STRING_CATALOGS = YES;
				MTL_ENABLE_DEBUG_INFO = INCLUDE_SOURCE;
				MTL_FAST_MATH = YES;
				ONLY_ACTIVE_ARCH = YES;
				SDKROOT = iphoneos;
				SWIFT_ACTIVE_COMPILATION_CONDITIONS = "DEBUG $(inherited)";
				SWIFT_OPTIMIZATION_LEVEL = "-Onone";
			};
			name = Debug;
		};
		C9E511582C2C87B800DC2D2D /* Release */ = {
			isa = XCBuildConfiguration;
			buildSettings = {
				ALWAYS_SEARCH_USER_PATHS = NO;
				ASSETCATALOG_COMPILER_GENERATE_SWIFT_ASSET_SYMBOL_EXTENSIONS = YES;
				CLANG_ANALYZER_NONNULL = YES;
				CLANG_ANALYZER_NUMBER_OBJECT_CONVERSION = YES_AGGRESSIVE;
				CLANG_CXX_LANGUAGE_STANDARD = "gnu++20";
				CLANG_ENABLE_MODULES = YES;
				CLANG_ENABLE_OBJC_ARC = YES;
				CLANG_ENABLE_OBJC_WEAK = YES;
				CLANG_WARN_BLOCK_CAPTURE_AUTORELEASING = YES;
				CLANG_WARN_BOOL_CONVERSION = YES;
				CLANG_WARN_COMMA = YES;
				CLANG_WARN_CONSTANT_CONVERSION = YES;
				CLANG_WARN_DEPRECATED_OBJC_IMPLEMENTATIONS = YES;
				CLANG_WARN_DIRECT_OBJC_ISA_USAGE = YES_ERROR;
				CLANG_WARN_DOCUMENTATION_COMMENTS = YES;
				CLANG_WARN_EMPTY_BODY = YES;
				CLANG_WARN_ENUM_CONVERSION = YES;
				CLANG_WARN_INFINITE_RECURSION = YES;
				CLANG_WARN_INT_CONVERSION = YES;
				CLANG_WARN_NON_LITERAL_NULL_CONVERSION = YES;
				CLANG_WARN_OBJC_IMPLICIT_RETAIN_SELF = YES;
				CLANG_WARN_OBJC_LITERAL_CONVERSION = YES;
				CLANG_WARN_OBJC_ROOT_CLASS = YES_ERROR;
				CLANG_WARN_QUOTED_INCLUDE_IN_FRAMEWORK_HEADER = YES;
				CLANG_WARN_RANGE_LOOP_ANALYSIS = YES;
				CLANG_WARN_STRICT_PROTOTYPES = YES;
				CLANG_WARN_SUSPICIOUS_MOVE = YES;
				CLANG_WARN_UNGUARDED_AVAILABILITY = YES_AGGRESSIVE;
				CLANG_WARN_UNREACHABLE_CODE = YES;
				CLANG_WARN__DUPLICATE_METHOD_MATCH = YES;
				COPY_PHASE_STRIP = NO;
				DEBUG_INFORMATION_FORMAT = "dwarf-with-dsym";
				ENABLE_NS_ASSERTIONS = NO;
				ENABLE_STRICT_OBJC_MSGSEND = YES;
				ENABLE_USER_SCRIPT_SANDBOXING = YES;
				GCC_C_LANGUAGE_STANDARD = gnu17;
				GCC_NO_COMMON_BLOCKS = YES;
				GCC_WARN_64_TO_32_BIT_CONVERSION = YES;
				GCC_WARN_ABOUT_RETURN_TYPE = YES_ERROR;
				GCC_WARN_UNDECLARED_SELECTOR = YES;
				GCC_WARN_UNINITIALIZED_AUTOS = YES_AGGRESSIVE;
				GCC_WARN_UNUSED_FUNCTION = YES;
				GCC_WARN_UNUSED_VARIABLE = YES;
				IPHONEOS_DEPLOYMENT_TARGET = 17.2;
				LOCALIZATION_PREFERS_STRING_CATALOGS = YES;
				MTL_ENABLE_DEBUG_INFO = NO;
				MTL_FAST_MATH = YES;
				SDKROOT = iphoneos;
				SWIFT_COMPILATION_MODE = wholemodule;
				VALIDATE_PRODUCT = YES;
			};
			name = Release;
		};
		C9E5115A2C2C87B800DC2D2D /* Debug */ = {
			isa = XCBuildConfiguration;
			buildSettings = {
				ASSETCATALOG_COMPILER_APPICON_NAME = AppIcon;
				ASSETCATALOG_COMPILER_GLOBAL_ACCENT_COLOR_NAME = AccentColor;
				CODE_SIGN_STYLE = Automatic;
				CURRENT_PROJECT_VERSION = 1;
				DEVELOPMENT_ASSET_PATHS = "\"Recipes/Preview Content\"";
				ENABLE_PREVIEWS = YES;
				GENERATE_INFOPLIST_FILE = YES;
				INFOPLIST_KEY_UIApplicationSceneManifest_Generation = YES;
				INFOPLIST_KEY_UIApplicationSupportsIndirectInputEvents = YES;
				INFOPLIST_KEY_UILaunchScreen_Generation = YES;
				INFOPLIST_KEY_UISupportedInterfaceOrientations_iPad = "UIInterfaceOrientationPortrait UIInterfaceOrientationPortraitUpsideDown UIInterfaceOrientationLandscapeLeft UIInterfaceOrientationLandscapeRight";
				INFOPLIST_KEY_UISupportedInterfaceOrientations_iPhone = "UIInterfaceOrientationPortrait UIInterfaceOrientationLandscapeLeft UIInterfaceOrientationLandscapeRight";
				LD_RUNPATH_SEARCH_PATHS = (
					"$(inherited)",
					"@executable_path/Frameworks",
				);
				MARKETING_VERSION = 1.0;
				PRODUCT_BUNDLE_IDENTIFIER = com.takehome.Recipes;
				PRODUCT_NAME = "$(TARGET_NAME)";
				SWIFT_EMIT_LOC_STRINGS = YES;
				SWIFT_VERSION = 5.0;
				TARGETED_DEVICE_FAMILY = "1,2";
			};
			name = Debug;
		};
		C9E5115B2C2C87B800DC2D2D /* Release */ = {
			isa = XCBuildConfiguration;
			buildSettings = {
				ASSETCATALOG_COMPILER_APPICON_NAME = AppIcon;
				ASSETCATALOG_COMPILER_GLOBAL_ACCENT_COLOR_NAME = AccentColor;
				CODE_SIGN_STYLE = Automatic;
				CURRENT_PROJECT_VERSION = 1;
				DEVELOPMENT_ASSET_PATHS = "\"Recipes/Preview Content\"";
				ENABLE_PREVIEWS = YES;
				GENERATE_INFOPLIST_FILE = YES;
				INFOPLIST_KEY_UIApplicationSceneManifest_Generation = YES;
				INFOPLIST_KEY_UIApplicationSupportsIndirectInputEvents = YES;
				INFOPLIST_KEY_UILaunchScreen_Generation = YES;
				INFOPLIST_KEY_UISupportedInterfaceOrientations_iPad = "UIInterfaceOrientationPortrait UIInterfaceOrientationPortraitUpsideDown UIInterfaceOrientationLandscapeLeft UIInterfaceOrientationLandscapeRight";
				INFOPLIST_KEY_UISupportedInterfaceOrientations_iPhone = "UIInterfaceOrientationPortrait UIInterfaceOrientationLandscapeLeft UIInterfaceOrientationLandscapeRight";
				LD_RUNPATH_SEARCH_PATHS = (
					"$(inherited)",
					"@executable_path/Frameworks",
				);
				MARKETING_VERSION = 1.0;
				PRODUCT_BUNDLE_IDENTIFIER = com.takehome.Recipes;
				PRODUCT_NAME = "$(TARGET_NAME)";
				SWIFT_EMIT_LOC_STRINGS = YES;
				SWIFT_VERSION = 5.0;
				TARGETED_DEVICE_FAMILY = "1,2";
			};
			name = Release;
		};
		C9E5115D2C2C87B800DC2D2D /* Debug */ = {
			isa = XCBuildConfiguration;
			buildSettings = {
				ALWAYS_EMBED_SWIFT_STANDARD_LIBRARIES = YES;
				BUNDLE_LOADER = "$(TEST_HOST)";
				CODE_SIGN_STYLE = Automatic;
				CURRENT_PROJECT_VERSION = 1;
				GENERATE_INFOPLIST_FILE = YES;
				IPHONEOS_DEPLOYMENT_TARGET = 17.2;
				MARKETING_VERSION = 1.0;
				PRODUCT_BUNDLE_IDENTIFIER = com.takehome.RecipesTests;
				PRODUCT_NAME = "$(TARGET_NAME)";
				SWIFT_EMIT_LOC_STRINGS = NO;
				SWIFT_VERSION = 5.0;
				TARGETED_DEVICE_FAMILY = "1,2";
				TEST_HOST = "$(BUILT_PRODUCTS_DIR)/Recipes.app/$(BUNDLE_EXECUTABLE_FOLDER_PATH)/Recipes";
			};
			name = Debug;
		};
		C9E5115E2C2C87B800DC2D2D /* Release */ = {
			isa = XCBuildConfiguration;
			buildSettings = {
				ALWAYS_EMBED_SWIFT_STANDARD_LIBRARIES = YES;
				BUNDLE_LOADER = "$(TEST_HOST)";
				CODE_SIGN_STYLE = Automatic;
				CURRENT_PROJECT_VERSION = 1;
				GENERATE_INFOPLIST_FILE = YES;
				IPHONEOS_DEPLOYMENT_TARGET = 17.2;
				MARKETING_VERSION = 1.0;
				PRODUCT_BUNDLE_IDENTIFIER = com.takehome.RecipesTests;
				PRODUCT_NAME = "$(TARGET_NAME)";
				SWIFT_EMIT_LOC_STRINGS = NO;
				SWIFT_VERSION = 5.0;
				TARGETED_DEVICE_FAMILY = "1,2";
				TEST_HOST = "$(BUILT_PRODUCTS_DIR)/Recipes.app/$(BUNDLE_EXECUTABLE_FOLDER_PATH)/Recipes";
			};
			name = Release;
		};
		C9E511602C2C87B800DC2D2D /* Debug */ = {
			isa = XCBuildConfiguration;
			buildSettings = {
				ALWAYS_EMBED_SWIFT_STANDARD_LIBRARIES = YES;
				CODE_SIGN_STYLE = Automatic;
				CURRENT_PROJECT_VERSION = 1;
				GENERATE_INFOPLIST_FILE = YES;
				MARKETING_VERSION = 1.0;
				PRODUCT_BUNDLE_IDENTIFIER = com.takehome.RecipesUITests;
				PRODUCT_NAME = "$(TARGET_NAME)";
				SWIFT_EMIT_LOC_STRINGS = NO;
				SWIFT_VERSION = 5.0;
				TARGETED_DEVICE_FAMILY = "1,2";
				TEST_TARGET_NAME = Recipes;
			};
			name = Debug;
		};
		C9E511612C2C87B800DC2D2D /* Release */ = {
			isa = XCBuildConfiguration;
			buildSettings = {
				ALWAYS_EMBED_SWIFT_STANDARD_LIBRARIES = YES;
				CODE_SIGN_STYLE = Automatic;
				CURRENT_PROJECT_VERSION = 1;
				GENERATE_INFOPLIST_FILE = YES;
				MARKETING_VERSION = 1.0;
				PRODUCT_BUNDLE_IDENTIFIER = com.takehome.RecipesUITests;
				PRODUCT_NAME = "$(TARGET_NAME)";
				SWIFT_EMIT_LOC_STRINGS = NO;
				SWIFT_VERSION = 5.0;
				TARGETED_DEVICE_FAMILY = "1,2";
				TEST_TARGET_NAME = Recipes;
			};
			name = Release;
		};
/* End XCBuildConfiguration section */

/* Begin XCConfigurationList section */
		C9E511302C2C87B700DC2D2D /* Build configuration list for PBXProject "Recipes" */ = {
			isa = XCConfigurationList;
			buildConfigurations = (
				C9E511572C2C87B800DC2D2D /* Debug */,
				C9E511582C2C87B800DC2D2D /* Release */,
			);
			defaultConfigurationIsVisible = 0;
			defaultConfigurationName = Release;
		};
		C9E511592C2C87B800DC2D2D /* Build configuration list for PBXNativeTarget "Recipes" */ = {
			isa = XCConfigurationList;
			buildConfigurations = (
				C9E5115A2C2C87B800DC2D2D /* Debug */,
				C9E5115B2C2C87B800DC2D2D /* Release */,
			);
			defaultConfigurationIsVisible = 0;
			defaultConfigurationName = Release;
		};
		C9E5115C2C2C87B800DC2D2D /* Build configuration list for PBXNativeTarget "RecipesTests" */ = {
			isa = XCConfigurationList;
			buildConfigurations = (
				C9E5115D2C2C87B800DC2D2D /* Debug */,
				C9E5115E2C2C87B800DC2D2D /* Release */,
			);
			defaultConfigurationIsVisible = 0;
			defaultConfigurationName = Release;
		};
		C9E5115F2C2C87B800DC2D2D /* Build configuration list for PBXNativeTarget "RecipesUITests" */ = {
			isa = XCConfigurationList;
			buildConfigurations = (
				C9E511602C2C87B800DC2D2D /* Debug */,
				C9E511612C2C87B800DC2D2D /* Release */,
			);
			defaultConfigurationIsVisible = 0;
			defaultConfigurationName = Release;
		};
/* End XCConfigurationList section */
	};
	rootObject = C9E5112D2C2C87B700DC2D2D /* Project object */;
}
